
Microsoft Visual Studio Solution File, Format Version 12.00
# Visual Studio 15
VisualStudioVersion = 15.0.28307.489
MinimumVisualStudioVersion = 10.0.40219.1
Project("{FAE04EC0-301F-11D3-BF4B-00C04F79EFBC}") = "HM03", "HM03\HM03.csproj", "{A1EEB821-1EF6-423E-909F-C2AFAA735285}"
EndProject
Global
	GlobalSection(SolutionConfigurationPlatforms) = preSolution
		Debug|Any CPU = Debug|Any CPU
		Release|Any CPU = Release|Any CPU
	EndGlobalSection
	GlobalSection(ProjectConfigurationPlatforms) = postSolution
		{A1EEB821-1EF6-423E-909F-C2AFAA735285}.Debug|Any CPU.ActiveCfg = Debug|Any CPU
		{A1EEB821-1EF6-423E-909F-C2AFAA735285}.Debug|Any CPU.Build.0 = Debug|Any CPU
		{A1EEB821-1EF6-423E-909F-C2AFAA735285}.Release|Any CPU.ActiveCfg = Release|Any CPU
		{A1EEB821-1EF6-423E-909F-C2AFAA735285}.Release|Any CPU.Build.0 = Release|Any CPU
	EndGlobalSection
	GlobalSection(SolutionProperties) = preSolution
		HideSolutionNode = FALSE
	EndGlobalSection
	GlobalSection(ExtensibilityGlobals) = postSolution
		SolutionGuid = {387F9C62-F482-4580-BECA-D9F013FB4412}
	EndGlobalSection
EndGlobal
