
Microsoft Visual Studio Solution File, Format Version 12.00
# Visual Studio 15
VisualStudioVersion = 15.0.28307.489
MinimumVisualStudioVersion = 10.0.40219.1
Project("{FAE04EC0-301F-11D3-BF4B-00C04F79EFBC}") = "HM02", "HM02\HM02.csproj", "{776E2256-BF02-4C83-8B71-8A18CA2EC4C9}"
EndProject
Global
	GlobalSection(SolutionConfigurationPlatforms) = preSolution
		Debug|Any CPU = Debug|Any CPU
		Release|Any CPU = Release|Any CPU
	EndGlobalSection
	GlobalSection(ProjectConfigurationPlatforms) = postSolution
		{776E2256-BF02-4C83-8B71-8A18CA2EC4C9}.Debug|Any CPU.ActiveCfg = Debug|Any CPU
		{776E2256-BF02-4C83-8B71-8A18CA2EC4C9}.Debug|Any CPU.Build.0 = Debug|Any CPU
		{776E2256-BF02-4C83-8B71-8A18CA2EC4C9}.Release|Any CPU.ActiveCfg = Release|Any CPU
		{776E2256-BF02-4C83-8B71-8A18CA2EC4C9}.Release|Any CPU.Build.0 = Release|Any CPU
	EndGlobalSection
	GlobalSection(SolutionProperties) = preSolution
		HideSolutionNode = FALSE
	EndGlobalSection
	GlobalSection(ExtensibilityGlobals) = postSolution
		SolutionGuid = {C4151922-C620-488E-8E56-A69695073F4B}
	EndGlobalSection
EndGlobal
