
Microsoft Visual Studio Solution File, Format Version 12.00
# Visual Studio 15
VisualStudioVersion = 15.0.28307.489
MinimumVisualStudioVersion = 10.0.40219.1
Project("{FAE04EC0-301F-11D3-BF4B-00C04F79EFBC}") = "BankHM", "BankHM\BankHM.csproj", "{F5F7B0D9-6B66-45AC-B7AD-03C48A17246E}"
EndProject
Global
	GlobalSection(SolutionConfigurationPlatforms) = preSolution
		Debug|Any CPU = Debug|Any CPU
		Release|Any CPU = Release|Any CPU
	EndGlobalSection
	GlobalSection(ProjectConfigurationPlatforms) = postSolution
		{F5F7B0D9-6B66-45AC-B7AD-03C48A17246E}.Debug|Any CPU.ActiveCfg = Debug|Any CPU
		{F5F7B0D9-6B66-45AC-B7AD-03C48A17246E}.Debug|Any CPU.Build.0 = Debug|Any CPU
		{F5F7B0D9-6B66-45AC-B7AD-03C48A17246E}.Release|Any CPU.ActiveCfg = Release|Any CPU
		{F5F7B0D9-6B66-45AC-B7AD-03C48A17246E}.Release|Any CPU.Build.0 = Release|Any CPU
	EndGlobalSection
	GlobalSection(SolutionProperties) = preSolution
		HideSolutionNode = FALSE
	EndGlobalSection
	GlobalSection(ExtensibilityGlobals) = postSolution
		SolutionGuid = {583EF81D-C26D-41B1-A5AA-3ED89C7A83E5}
	EndGlobalSection
EndGlobal
